// !$*UTF8*$!
{
	archiveVersion = 1;
	classes = {
	};
	objectVersion = 56;
	objects = {

/* Begin PBXBuildFile section */
		921246BE2A9C8E3700D4B552 /* iOS_lesson_8_challengeApp.swift in Sources */ = {isa = PBXBuildFile; fileRef = 921246BD2A9C8E3700D4B552 /* iOS_lesson_8_challengeApp.swift */; };
		921246C02A9C8E3700D4B552 /* ContentView.swift in Sources */ = {isa = PBXBuildFile; fileRef = 921246BF2A9C8E3700D4B552 /* ContentView.swift */; };
		921246C22A9C8E3A00D4B552 /* Assets.xcassets in Resources */ = {isa = PBXBuildFile; fileRef = 921246C12A9C8E3A00D4B552 /* Assets.xcassets */; };
		921246C52A9C8E3A00D4B552 /* Preview Assets.xcassets in Resources */ = {isa = PBXBuildFile; fileRef = 921246C42A9C8E3A00D4B552 /* Preview Assets.xcassets */; };
		921246CC2A9C8E4700D4B552 /* VotingPage.swift in Sources */ = {isa = PBXBuildFile; fileRef = 921246CB2A9C8E4600D4B552 /* VotingPage.swift */; };
		921246CE2A9C8FB900D4B552 /* TrackPage.swift in Sources */ = {isa = PBXBuildFile; fileRef = 921246CD2A9C8FB900D4B552 /* TrackPage.swift */; };
		921246D02A9C906300D4B552 /* InfoPage.swift in Sources */ = {isa = PBXBuildFile; fileRef = 921246CF2A9C906300D4B552 /* InfoPage.swift */; };
		92DA56F72ABE6B850061EB30 /* SwiftPersistence in Frameworks */ = {isa = PBXBuildFile; productRef = 92DA56F62ABE6B850061EB30 /* SwiftPersistence */; };
/* End PBXBuildFile section */

/* Begin PBXFileReference section */
		921246BA2A9C8E3700D4B552 /* iOS lesson 8 challenge.app */ = {isa = PBXFileReference; explicitFileType = wrapper.application; includeInIndex = 0; path = "iOS lesson 8 challenge.app"; sourceTree = BUILT_PRODUCTS_DIR; };
		921246BD2A9C8E3700D4B552 /* iOS_lesson_8_challengeApp.swift */ = {isa = PBXFileReference; lastKnownFileType = sourcecode.swift; path = iOS_lesson_8_challengeApp.swift; sourceTree = "<group>"; };
		921246BF2A9C8E3700D4B552 /* ContentView.swift */ = {isa = PBXFileReference; lastKnownFileType = sourcecode.swift; path = ContentView.swift; sourceTree = "<group>"; };
		921246C12A9C8E3A00D4B552 /* Assets.xcassets */ = {isa = PBXFileReference; lastKnownFileType = folder.assetcatalog; path = Assets.xcassets; sourceTree = "<group>"; };
		921246C42A9C8E3A00D4B552 /* Preview Assets.xcassets */ = {isa = PBXFileReference; lastKnownFileType = folder.assetcatalog; path = "Preview Assets.xcassets"; sourceTree = "<group>"; };
		921246CB2A9C8E4600D4B552 /* VotingPage.swift */ = {isa = PBXFileReference; lastKnownFileType = sourcecode.swift; path = VotingPage.swift; sourceTree = "<group>"; };
		921246CD2A9C8FB900D4B552 /* TrackPage.swift */ = {isa = PBXFileReference; lastKnownFileType = sourcecode.swift; path = TrackPage.swift; sourceTree = "<group>"; };
		921246CF2A9C906300D4B552 /* InfoPage.swift */ = {isa = PBXFileReference; lastKnownFileType = sourcecode.swift; path = InfoPage.swift; sourceTree = "<group>"; };
/* End PBXFileReference section */

/* Begin PBXFrameworksBuildPhase section */
		921246B72A9C8E3700D4B552 /* Frameworks */ = {
			isa = PBXFrameworksBuildPhase;
			buildActionMask = 2147483647;
			files = (
				92DA56F72ABE6B850061EB30 /* SwiftPersistence in Frameworks */,
			);
			runOnlyForDeploymentPostprocessing = 0;
		};
/* End PBXFrameworksBuildPhase section */

/* Begin PBXGroup section */
		921246B12A9C8E3700D4B552 = {
			isa = PBXGroup;
			children = (
				921246BC2A9C8E3700D4B552 /* iOS lesson 8 challenge */,
				921246BB2A9C8E3700D4B552 /* Products */,
			);
			sourceTree = "<group>";
		};
		921246BB2A9C8E3700D4B552 /* Products */ = {
			isa = PBXGroup;
			children = (
				921246BA2A9C8E3700D4B552 /* iOS lesson 8 challenge.app */,
			);
			name = Products;
			sourceTree = "<group>";
		};
		921246BC2A9C8E3700D4B552 /* iOS lesson 8 challenge */ = {
			isa = PBXGroup;
			children = (
				921246BD2A9C8E3700D4B552 /* iOS_lesson_8_challengeApp.swift */,
				921246BF2A9C8E3700D4B552 /* ContentView.swift */,
				921246CF2A9C906300D4B552 /* InfoPage.swift */,
				921246CD2A9C8FB900D4B552 /* TrackPage.swift */,
				921246CB2A9C8E4600D4B552 /* VotingPage.swift */,
				921246C12A9C8E3A00D4B552 /* Assets.xcassets */,
				921246C32A9C8E3A00D4B552 /* Preview Content */,
			);
			path = "iOS lesson 8 challenge";
			sourceTree = "<group>";
		};
		921246C32A9C8E3A00D4B552 /* Preview Content */ = {
			isa = PBXGroup;
			children = (
				921246C42A9C8E3A00D4B552 /* Preview Assets.xcassets */,
			);
			path = "Preview Content";
			sourceTree = "<group>";
		};
/* End PBXGroup section */

/* Begin PBXNativeTarget section */
		921246B92A9C8E3700D4B552 /* iOS lesson 8 challenge */ = {
			isa = PBXNativeTarget;
			buildConfigurationList = 921246C82A9C8E3A00D4B552 /* Build configuration list for PBXNativeTarget "iOS lesson 8 challenge" */;
			buildPhases = (
				921246B62A9C8E3700D4B552 /* Sources */,
				921246B72A9C8E3700D4B552 /* Frameworks */,
				921246B82A9C8E3700D4B552 /* Resources */,
			);
			buildRules = (
			);
			dependencies = (
			);
			name = "iOS lesson 8 challenge";
			packageProductDependencies = (
				92DA56F62ABE6B850061EB30 /* SwiftPersistence */,
			);
			productName = "iOS lesson 8 challenge";
			productReference = 921246BA2A9C8E3700D4B552 /* iOS lesson 8 challenge.app */;
			productType = "com.apple.product-type.application";
		};
/* End PBXNativeTarget section */

/* Begin PBXProject section */
		921246B22A9C8E3700D4B552 /* Project object */ = {
			isa = PBXProject;
			attributes = {
				BuildIndependentTargetsInParallel = 1;
				LastSwiftUpdateCheck = 1430;
				LastUpgradeCheck = 1430;
				TargetAttributes = {
					921246B92A9C8E3700D4B552 = {
						CreatedOnToolsVersion = 14.3.1;
					};
				};
			};
			buildConfigurationList = 921246B52A9C8E3700D4B552 /* Build configuration list for PBXProject "iOS lesson 8 challenge" */;
			compatibilityVersion = "Xcode 14.0";
			developmentRegion = en;
			hasScannedForEncodings = 0;
			knownRegions = (
				en,
				Base,
			);
			mainGroup = 921246B12A9C8E3700D4B552;
			packageReferences = (
				92DA56F52ABE6B850061EB30 /* XCRemoteSwiftPackageReference "SwiftPersistence" */,
			);
			productRefGroup = 921246BB2A9C8E3700D4B552 /* Products */;
			projectDirPath = "";
			projectRoot = "";
			targets = (
				921246B92A9C8E3700D4B552 /* iOS lesson 8 challenge */,
			);
		};
/* End PBXProject section */

/* Begin PBXResourcesBuildPhase section */
		921246B82A9C8E3700D4B552 /* Resources */ = {
			isa = PBXResourcesBuildPhase;
			buildActionMask = 2147483647;
			files = (
				921246C52A9C8E3A00D4B552 /* Preview Assets.xcassets in Resources */,
				921246C22A9C8E3A00D4B552 /* Assets.xcassets in Resources */,
			);
			runOnlyForDeploymentPostprocessing = 0;
		};
/* End PBXResourcesBuildPhase section */

/* Begin PBXSourcesBuildPhase section */
		921246B62A9C8E3700D4B552 /* Sources */ = {
			isa = PBXSourcesBuildPhase;
			buildActionMask = 2147483647;
			files = (
				921246D02A9C906300D4B552 /* InfoPage.swift in Sources */,
				921246CE2A9C8FB900D4B552 /* TrackPage.swift in Sources */,
				921246C02A9C8E3700D4B552 /* ContentView.swift in Sources */,
				921246BE2A9C8E3700D4B552 /* iOS_lesson_8_challengeApp.swift in Sources */,
				921246CC2A9C8E4700D4B552 /* VotingPage.swift in Sources */,
			);
			runOnlyForDeploymentPostprocessing = 0;
		};
/* End PBXSourcesBuildPhase section */

/* Begin XCBuildConfiguration section */
		921246C62A9C8E3A00D4B552 /* Debug */ = {
			isa = XCBuildConfiguration;
			buildSettings = {
				ALWAYS_SEARCH_USER_PATHS = NO;
				CLANG_ANALYZER_NONNULL = YES;
				CLANG_ANALYZER_NUMBER_OBJECT_CONVERSION = YES_AGGRESSIVE;
				CLANG_CXX_LANGUAGE_STANDARD = "gnu++20";
				CLANG_ENABLE_MODULES = YES;
				CLANG_ENABLE_OBJC_ARC = YES;
				CLANG_ENABLE_OBJC_WEAK = YES;
				CLANG_WARN_BLOCK_CAPTURE_AUTORELEASING = YES;
				CLANG_WARN_BOOL_CONVERSION = YES;
				CLANG_WARN_COMMA = YES;
				CLANG_WARN_CONSTANT_CONVERSION = YES;
				CLANG_WARN_DEPRECATED_OBJC_IMPLEMENTATIONS = YES;
				CLANG_WARN_DIRECT_OBJC_ISA_USAGE = YES_ERROR;
				CLANG_WARN_DOCUMENTATION_COMMENTS = YES;
				CLANG_WARN_EMPTY_BODY = YES;
				CLANG_WARN_ENUM_CONVERSION = YES;
				CLANG_WARN_INFINITE_RECURSION = YES;
				CLANG_WARN_INT_CONVERSION = YES;
				CLANG_WARN_NON_LITERAL_NULL_CONVERSION = YES;
				CLANG_WARN_OBJC_IMPLICIT_RETAIN_SELF = YES;
				CLANG_WARN_OBJC_LITERAL_CONVERSION = YES;
				CLANG_WARN_OBJC_ROOT_CLASS = YES_ERROR;
				CLANG_WARN_QUOTED_INCLUDE_IN_FRAMEWORK_HEADER = YES;
				CLANG_WARN_RANGE_LOOP_ANALYSIS = YES;
				CLANG_WARN_STRICT_PROTOTYPES = YES;
				CLANG_WARN_SUSPICIOUS_MOVE = YES;
				CLANG_WARN_UNGUARDED_AVAILABILITY = YES_AGGRESSIVE;
				CLANG_WARN_UNREACHABLE_CODE = YES;
				CLANG_WARN__DUPLICATE_METHOD_MATCH = YES;
				COPY_PHASE_STRIP = NO;
				DEBUG_INFORMATION_FORMAT = dwarf;
				ENABLE_STRICT_OBJC_MSGSEND = YES;
				ENABLE_TESTABILITY = YES;
				GCC_C_LANGUAGE_STANDARD = gnu11;
				GCC_DYNAMIC_NO_PIC = NO;
				GCC_NO_COMMON_BLOCKS = YES;
				GCC_OPTIMIZATION_LEVEL = 0;
				GCC_PREPROCESSOR_DEFINITIONS = (
					"DEBUG=1",
					"$(inherited)",
				);
				GCC_WARN_64_TO_32_BIT_CONVERSION = YES;
				GCC_WARN_ABOUT_RETURN_TYPE = YES_ERROR;
				GCC_WARN_UNDECLARED_SELECTOR = YES;
				GCC_WARN_UNINITIALIZED_AUTOS = YES_AGGRESSIVE;
				GCC_WARN_UNUSED_FUNCTION = YES;
				GCC_WARN_UNUSED_VARIABLE = YES;
				IPHONEOS_DEPLOYMENT_TARGET = 16.4;
				MTL_ENABLE_DEBUG_INFO = INCLUDE_SOURCE;
				MTL_FAST_MATH = YES;
				ONLY_ACTIVE_ARCH = YES;
				SDKROOT = iphoneos;
				SWIFT_ACTIVE_COMPILATION_CONDITIONS = DEBUG;
				SWIFT_OPTIMIZATION_LEVEL = "-Onone";
			};
			name = Debug;
		};
		921246C72A9C8E3A00D4B552 /* Release */ = {
			isa = XCBuildConfiguration;
			buildSettings = {
				ALWAYS_SEARCH_USER_PATHS = NO;
				CLANG_ANALYZER_NONNULL = YES;
				CLANG_ANALYZER_NUMBER_OBJECT_CONVERSION = YES_AGGRESSIVE;
				CLANG_CXX_LANGUAGE_STANDARD = "gnu++20";
				CLANG_ENABLE_MODULES = YES;
				CLANG_ENABLE_OBJC_ARC = YES;
				CLANG_ENABLE_OBJC_WEAK = YES;
				CLANG_WARN_BLOCK_CAPTURE_AUTORELEASING = YES;
				CLANG_WARN_BOOL_CONVERSION = YES;
				CLANG_WARN_COMMA = YES;
				CLANG_WARN_CONSTANT_CONVERSION = YES;
				CLANG_WARN_DEPRECATED_OBJC_IMPLEMENTATIONS = YES;
				CLANG_WARN_DIRECT_OBJC_ISA_USAGE = YES_ERROR;
				CLANG_WARN_DOCUMENTATION_COMMENTS = YES;
				CLANG_WARN_EMPTY_BODY = YES;
				CLANG_WARN_ENUM_CONVERSION = YES;
				CLANG_WARN_INFINITE_RECURSION = YES;
				CLANG_WARN_INT_CONVERSION = YES;
				CLANG_WARN_NON_LITERAL_NULL_CONVERSION = YES;
				CLANG_WARN_OBJC_IMPLICIT_RETAIN_SELF = YES;
				CLANG_WARN_OBJC_LITERAL_CONVERSION = YES;
				CLANG_WARN_OBJC_ROOT_CLASS = YES_ERROR;
				CLANG_WARN_QUOTED_INCLUDE_IN_FRAMEWORK_HEADER = YES;
				CLANG_WARN_RANGE_LOOP_ANALYSIS = YES;
				CLANG_WARN_STRICT_PROTOTYPES = YES;
				CLANG_WARN_SUSPICIOUS_MOVE = YES;
				CLANG_WARN_UNGUARDED_AVAILABILITY = YES_AGGRESSIVE;
				CLANG_WARN_UNREACHABLE_CODE = YES;
				CLANG_WARN__DUPLICATE_METHOD_MATCH = YES;
				COPY_PHASE_STRIP = NO;
				DEBUG_INFORMATION_FORMAT = "dwarf-with-dsym";
				ENABLE_NS_ASSERTIONS = NO;
				ENABLE_STRICT_OBJC_MSGSEND = YES;
				GCC_C_LANGUAGE_STANDARD = gnu11;
				GCC_NO_COMMON_BLOCKS = YES;
				GCC_WARN_64_TO_32_BIT_CONVERSION = YES;
				GCC_WARN_ABOUT_RETURN_TYPE = YES_ERROR;
				GCC_WARN_UNDECLARED_SELECTOR = YES;
				GCC_WARN_UNINITIALIZED_AUTOS = YES_AGGRESSIVE;
				GCC_WARN_UNUSED_FUNCTION = YES;
				GCC_WARN_UNUSED_VARIABLE = YES;
				IPHONEOS_DEPLOYMENT_TARGET = 16.4;
				MTL_ENABLE_DEBUG_INFO = NO;
				MTL_FAST_MATH = YES;
				SDKROOT = iphoneos;
				SWIFT_COMPILATION_MODE = wholemodule;
				SWIFT_OPTIMIZATION_LEVEL = "-O";
				VALIDATE_PRODUCT = YES;
			};
			name = Release;
		};
		921246C92A9C8E3A00D4B552 /* Debug */ = {
			isa = XCBuildConfiguration;
			buildSettings = {
				ASSETCATALOG_COMPILER_APPICON_NAME = AppIcon;
				ASSETCATALOG_COMPILER_GLOBAL_ACCENT_COLOR_NAME = AccentColor;
				CODE_SIGN_STYLE = Automatic;
				CURRENT_PROJECT_VERSION = 1;
				DEVELOPMENT_ASSET_PATHS = "\"iOS lesson 8 challenge/Preview Content\"";
				ENABLE_PREVIEWS = YES;
				GENERATE_INFOPLIST_FILE = YES;
				INFOPLIST_KEY_UIApplicationSceneManifest_Generation = YES;
				INFOPLIST_KEY_UIApplicationSupportsIndirectInputEvents = YES;
				INFOPLIST_KEY_UILaunchScreen_Generation = YES;
				INFOPLIST_KEY_UISupportedInterfaceOrientations_iPad = "UIInterfaceOrientationPortrait UIInterfaceOrientationPortraitUpsideDown UIInterfaceOrientationLandscapeLeft UIInterfaceOrientationLandscapeRight";
				INFOPLIST_KEY_UISupportedInterfaceOrientations_iPhone = "UIInterfaceOrientationPortrait UIInterfaceOrientationLandscapeLeft UIInterfaceOrientationLandscapeRight";
				LD_RUNPATH_SEARCH_PATHS = (
					"$(inherited)",
					"@executable_path/Frameworks",
				);
				MARKETING_VERSION = 1.0;
				PRODUCT_BUNDLE_IDENTIFIER = "Jerro.iOS-lesson-8-challenge";
				PRODUCT_NAME = "$(TARGET_NAME)";
				SWIFT_EMIT_LOC_STRINGS = YES;
				SWIFT_VERSION = 5.0;
				TARGETED_DEVICE_FAMILY = "1,2";
			};
			name = Debug;
		};
		921246CA2A9C8E3A00D4B552 /* Release */ = {
			isa = XCBuildConfiguration;
			buildSettings = {
				ASSETCATALOG_COMPILER_APPICON_NAME = AppIcon;
				ASSETCATALOG_COMPILER_GLOBAL_ACCENT_COLOR_NAME = AccentColor;
				CODE_SIGN_STYLE = Automatic;
				CURRENT_PROJECT_VERSION = 1;
				DEVELOPMENT_ASSET_PATHS = "\"iOS lesson 8 challenge/Preview Content\"";
				ENABLE_PREVIEWS = YES;
				GENERATE_INFOPLIST_FILE = YES;
				INFOPLIST_KEY_UIApplicationSceneManifest_Generation = YES;
				INFOPLIST_KEY_UIApplicationSupportsIndirectInputEvents = YES;
				INFOPLIST_KEY_UILaunchScreen_Generation = YES;
				INFOPLIST_KEY_UISupportedInterfaceOrientations_iPad = "UIInterfaceOrientationPortrait UIInterfaceOrientationPortraitUpsideDown UIInterfaceOrientationLandscapeLeft UIInterfaceOrientationLandscapeRight";
				INFOPLIST_KEY_UISupportedInterfaceOrientations_iPhone = "UIInterfaceOrientationPortrait UIInterfaceOrientationLandscapeLeft UIInterfaceOrientationLandscapeRight";
				LD_RUNPATH_SEARCH_PATHS = (
					"$(inherited)",
					"@executable_path/Frameworks",
				);
				MARKETING_VERSION = 1.0;
				PRODUCT_BUNDLE_IDENTIFIER = "Jerro.iOS-lesson-8-challenge";
				PRODUCT_NAME = "$(TARGET_NAME)";
				SWIFT_EMIT_LOC_STRINGS = YES;
				SWIFT_VERSION = 5.0;
				TARGETED_DEVICE_FAMILY = "1,2";
			};
			name = Release;
		};
/* End XCBuildConfiguration section */

/* Begin XCConfigurationList section */
		921246B52A9C8E3700D4B552 /* Build configuration list for PBXProject "iOS lesson 8 challenge" */ = {
			isa = XCConfigurationList;
			buildConfigurations = (
				921246C62A9C8E3A00D4B552 /* Debug */,
				921246C72A9C8E3A00D4B552 /* Release */,
			);
			defaultConfigurationIsVisible = 0;
			defaultConfigurationName = Release;
		};
		921246C82A9C8E3A00D4B552 /* Build configuration list for PBXNativeTarget "iOS lesson 8 challenge" */ = {
			isa = XCConfigurationList;
			buildConfigurations = (
				921246C92A9C8E3A00D4B552 /* Debug */,
				921246CA2A9C8E3A00D4B552 /* Release */,
			);
			defaultConfigurationIsVisible = 0;
			defaultConfigurationName = Release;
		};
/* End XCConfigurationList section */

/* Begin XCRemoteSwiftPackageReference section */
		92DA56F52ABE6B850061EB30 /* XCRemoteSwiftPackageReference "SwiftPersistence" */ = {
			isa = XCRemoteSwiftPackageReference;
			repositoryURL = "https://github.com/cheesetan/SwiftPersistence";
			requirement = {
				kind = upToNextMajorVersion;
				minimumVersion = 1.1.1;
			};
		};
/* End XCRemoteSwiftPackageReference section */

/* Begin XCSwiftPackageProductDependency section */
		92DA56F62ABE6B850061EB30 /* SwiftPersistence */ = {
			isa = XCSwiftPackageProductDependency;
			package = 92DA56F52ABE6B850061EB30 /* XCRemoteSwiftPackageReference "SwiftPersistence" */;
			productName = SwiftPersistence;
		};
/* End XCSwiftPackageProductDependency section */
	};
	rootObject = 921246B22A9C8E3700D4B552 /* Project object */;
}
